
Microsoft Visual Studio Solution File, Format Version 12.00
# Visual Studio 15
VisualStudioVersion = 15.0.26124.0
MinimumVisualStudioVersion = 15.0.26124.0


Project("{2150E333-8FDC-42A3-9474-1A3956D46DE8}") = "src", "src", "{1B09F531-E4BC-41FF-BF55-320B79B75BB6}"
ProjectSection(SolutionItems) = preProject
	src\.gitignore = src\.gitignore
EndProjectSection
EndProject
Project("{2150E333-8FDC-42A3-9474-1A3956D46DE8}") = "tests", "tests", "{913C5C0C-4457-443A-A978-D12FEEF5FB8E}"
EndProject
Project("{FAE04EC0-301F-11D3-BF4B-00C04F79EFBC}") = "SecretStore.Application", "src\SecretStore.Application\SecretStore.Application.csproj", "{4B64DCCC-9151-4486-AC37-1F41B2C813F3}"
EndProject
Project("{FAE04EC0-301F-11D3-BF4B-00C04F79EFBC}") = "SecretStore.Domain", "src\SecretStore.Domain\SecretStore.Domain.csproj", "{94254B0E-91AD-4B60-B9EF-9480BF3EE4CD}"
EndProject
Project("{FAE04EC0-301F-11D3-BF4B-00C04F79EFBC}") = "SecretStore.Infrastructure", "src\SecretStore.Infrastructure\SecretStore.Infrastructure.csproj", "{88480590-A91E-495C-BC0E-BA80E88AB221}"
EndProject
Project("{FAE04EC0-301F-11D3-BF4B-00C04F79EFBC}") = "SecretStore.API", "src\SecretStore.API\SecretStore.API.csproj", "{5CD138D4-17E9-42DB-81E8-DA66253229D4}"
EndProject
Global
	GlobalSection(SolutionConfigurationPlatforms) = preSolution
		Debug|Any CPU = Debug|Any CPU
		Debug|x64 = Debug|x64
		Debug|x86 = Debug|x86
		Release|Any CPU = Release|Any CPU
		Release|x64 = Release|x64
		Release|x86 = Release|x86
	EndGlobalSection
	GlobalSection(SolutionProperties) = preSolution
		HideSolutionNode = FALSE
	EndGlobalSection
	GlobalSection(ProjectConfigurationPlatforms) = postSolution
		{A5DF8893-6216-456F-8E5F-D2DD961D2F8F}.Debug|Any CPU.ActiveCfg = Debug|Any CPU
		{A5DF8893-6216-456F-8E5F-D2DD961D2F8F}.Debug|Any CPU.Build.0 = Debug|Any CPU
		{A5DF8893-6216-456F-8E5F-D2DD961D2F8F}.Debug|x64.ActiveCfg = Debug|Any CPU
		{A5DF8893-6216-456F-8E5F-D2DD961D2F8F}.Debug|x64.Build.0 = Debug|Any CPU
		{A5DF8893-6216-456F-8E5F-D2DD961D2F8F}.Debug|x86.ActiveCfg = Debug|Any CPU
		{A5DF8893-6216-456F-8E5F-D2DD961D2F8F}.Debug|x86.Build.0 = Debug|Any CPU
		{A5DF8893-6216-456F-8E5F-D2DD961D2F8F}.Release|Any CPU.ActiveCfg = Release|Any CPU
		{A5DF8893-6216-456F-8E5F-D2DD961D2F8F}.Release|Any CPU.Build.0 = Release|Any CPU
		{A5DF8893-6216-456F-8E5F-D2DD961D2F8F}.Release|x64.ActiveCfg = Release|Any CPU
		{A5DF8893-6216-456F-8E5F-D2DD961D2F8F}.Release|x64.Build.0 = Release|Any CPU
		{A5DF8893-6216-456F-8E5F-D2DD961D2F8F}.Release|x86.ActiveCfg = Release|Any CPU
		{A5DF8893-6216-456F-8E5F-D2DD961D2F8F}.Release|x86.Build.0 = Release|Any CPU
		{4B64DCCC-9151-4486-AC37-1F41B2C813F3}.Debug|Any CPU.ActiveCfg = Debug|Any CPU
		{4B64DCCC-9151-4486-AC37-1F41B2C813F3}.Debug|Any CPU.Build.0 = Debug|Any CPU
		{4B64DCCC-9151-4486-AC37-1F41B2C813F3}.Debug|x64.ActiveCfg = Debug|Any CPU
		{4B64DCCC-9151-4486-AC37-1F41B2C813F3}.Debug|x64.Build.0 = Debug|Any CPU
		{4B64DCCC-9151-4486-AC37-1F41B2C813F3}.Debug|x86.ActiveCfg = Debug|Any CPU
		{4B64DCCC-9151-4486-AC37-1F41B2C813F3}.Debug|x86.Build.0 = Debug|Any CPU
		{4B64DCCC-9151-4486-AC37-1F41B2C813F3}.Release|Any CPU.ActiveCfg = Release|Any CPU
		{4B64DCCC-9151-4486-AC37-1F41B2C813F3}.Release|Any CPU.Build.0 = Release|Any CPU
		{4B64DCCC-9151-4486-AC37-1F41B2C813F3}.Release|x64.ActiveCfg = Release|Any CPU
		{4B64DCCC-9151-4486-AC37-1F41B2C813F3}.Release|x64.Build.0 = Release|Any CPU
		{4B64DCCC-9151-4486-AC37-1F41B2C813F3}.Release|x86.ActiveCfg = Release|Any CPU
		{4B64DCCC-9151-4486-AC37-1F41B2C813F3}.Release|x86.Build.0 = Release|Any CPU
		{94254B0E-91AD-4B60-B9EF-9480BF3EE4CD}.Debug|Any CPU.ActiveCfg = Debug|Any CPU
		{94254B0E-91AD-4B60-B9EF-9480BF3EE4CD}.Debug|Any CPU.Build.0 = Debug|Any CPU
		{94254B0E-91AD-4B60-B9EF-9480BF3EE4CD}.Debug|x64.ActiveCfg = Debug|Any CPU
		{94254B0E-91AD-4B60-B9EF-9480BF3EE4CD}.Debug|x64.Build.0 = Debug|Any CPU
		{94254B0E-91AD-4B60-B9EF-9480BF3EE4CD}.Debug|x86.ActiveCfg = Debug|Any CPU
		{94254B0E-91AD-4B60-B9EF-9480BF3EE4CD}.Debug|x86.Build.0 = Debug|Any CPU
		{94254B0E-91AD-4B60-B9EF-9480BF3EE4CD}.Release|Any CPU.ActiveCfg = Release|Any CPU
		{94254B0E-91AD-4B60-B9EF-9480BF3EE4CD}.Release|Any CPU.Build.0 = Release|Any CPU
		{94254B0E-91AD-4B60-B9EF-9480BF3EE4CD}.Release|x64.ActiveCfg = Release|Any CPU
		{94254B0E-91AD-4B60-B9EF-9480BF3EE4CD}.Release|x64.Build.0 = Release|Any CPU
		{94254B0E-91AD-4B60-B9EF-9480BF3EE4CD}.Release|x86.ActiveCfg = Release|Any CPU
		{94254B0E-91AD-4B60-B9EF-9480BF3EE4CD}.Release|x86.Build.0 = Release|Any CPU
		{88480590-A91E-495C-BC0E-BA80E88AB221}.Debug|Any CPU.ActiveCfg = Debug|Any CPU
		{88480590-A91E-495C-BC0E-BA80E88AB221}.Debug|Any CPU.Build.0 = Debug|Any CPU
		{88480590-A91E-495C-BC0E-BA80E88AB221}.Debug|x64.ActiveCfg = Debug|Any CPU
		{88480590-A91E-495C-BC0E-BA80E88AB221}.Debug|x64.Build.0 = Debug|Any CPU
		{88480590-A91E-495C-BC0E-BA80E88AB221}.Debug|x86.ActiveCfg = Debug|Any CPU
		{88480590-A91E-495C-BC0E-BA80E88AB221}.Debug|x86.Build.0 = Debug|Any CPU
		{88480590-A91E-495C-BC0E-BA80E88AB221}.Release|Any CPU.ActiveCfg = Release|Any CPU
		{88480590-A91E-495C-BC0E-BA80E88AB221}.Release|Any CPU.Build.0 = Release|Any CPU
		{88480590-A91E-495C-BC0E-BA80E88AB221}.Release|x64.ActiveCfg = Release|Any CPU
		{88480590-A91E-495C-BC0E-BA80E88AB221}.Release|x64.Build.0 = Release|Any CPU
		{88480590-A91E-495C-BC0E-BA80E88AB221}.Release|x86.ActiveCfg = Release|Any CPU
		{88480590-A91E-495C-BC0E-BA80E88AB221}.Release|x86.Build.0 = Release|Any CPU
		{5CD138D4-17E9-42DB-81E8-DA66253229D4}.Debug|Any CPU.ActiveCfg = Debug|Any CPU
		{5CD138D4-17E9-42DB-81E8-DA66253229D4}.Debug|Any CPU.Build.0 = Debug|Any CPU
		{5CD138D4-17E9-42DB-81E8-DA66253229D4}.Debug|x64.ActiveCfg = Debug|Any CPU
		{5CD138D4-17E9-42DB-81E8-DA66253229D4}.Debug|x64.Build.0 = Debug|Any CPU
		{5CD138D4-17E9-42DB-81E8-DA66253229D4}.Debug|x86.ActiveCfg = Debug|Any CPU
		{5CD138D4-17E9-42DB-81E8-DA66253229D4}.Debug|x86.Build.0 = Debug|Any CPU
		{5CD138D4-17E9-42DB-81E8-DA66253229D4}.Release|Any CPU.ActiveCfg = Release|Any CPU
		{5CD138D4-17E9-42DB-81E8-DA66253229D4}.Release|Any CPU.Build.0 = Release|Any CPU
		{5CD138D4-17E9-42DB-81E8-DA66253229D4}.Release|x64.ActiveCfg = Release|Any CPU
		{5CD138D4-17E9-42DB-81E8-DA66253229D4}.Release|x64.Build.0 = Release|Any CPU
		{5CD138D4-17E9-42DB-81E8-DA66253229D4}.Release|x86.ActiveCfg = Release|Any CPU
		{5CD138D4-17E9-42DB-81E8-DA66253229D4}.Release|x86.Build.0 = Release|Any CPU
	EndGlobalSection
	GlobalSection(NestedProjects) = preSolution
		{4B64DCCC-9151-4486-AC37-1F41B2C813F3} = {1B09F531-E4BC-41FF-BF55-320B79B75BB6}
		{94254B0E-91AD-4B60-B9EF-9480BF3EE4CD} = {1B09F531-E4BC-41FF-BF55-320B79B75BB6}
		{88480590-A91E-495C-BC0E-BA80E88AB221} = {1B09F531-E4BC-41FF-BF55-320B79B75BB6}
		{5CD138D4-17E9-42DB-81E8-DA66253229D4} = {1B09F531-E4BC-41FF-BF55-320B79B75BB6}
	EndGlobalSection
EndGlobal
